<?xml version="1.0" encoding="utf-8"?>
<Project ToolsVersion="4.0" xmlns="http://schemas.microsoft.com/developer/msbuild/2003">
  <ItemGroup>
    <Filter Include="Source Files">
      <UniqueIdentifier>{4FC737F1-C7A5-4376-A066-2A32D752A2FF}</UniqueIdentifier>
      <Extensions>cpp;c;cc;cxx;def;odl;idl;hpj;bat;asm;asmx</Extensions>
    </Filter>
    <Filter Include="Header Files">
      <UniqueIdentifier>{93995380-89BD-4b04-88EB-625FBE52EBFB}</UniqueIdentifier>
      <Extensions>h;hpp;hxx;hm;inl;inc;xsd</Extensions>
    </Filter>
    <Filter Include="Resource Files">
      <UniqueIdentifier>{67DA6AB6-F800-4c08-8B7A-83BB121AAD01}</UniqueIdentifier>
      <Extensions>rc;ico;cur;bmp;dlg;rc2;rct;bin;rgs;gif;jpg;jpeg;jpe;resx;tiff;tif;png;wav;mfcribbon-ms</Extensions>
    </Filter>
    <Filter Include="QCars">
      <UniqueIdentifier>{df6a6812-7a1f-4cad-acc1-abd432b1139f}</UniqueIdentifier>
    </Filter>
    <Filter Include="QCars\Item">
      <UniqueIdentifier>{cb47ddbc-b777-4710-8075-d99058cef863}</UniqueIdentifier>
    </Filter>
    <Filter Include="QCars\Item\Brand">
      <UniqueIdentifier>{45ccbdf6-e272-4393-93e7-3812216f1c42}</UniqueIdentifier>
    </Filter>
  </ItemGroup>
  <ItemGroup>
    <ClInclude Include="Cars.h">
      <Filter>Header Files</Filter>
    </ClInclude>
    <ClInclude Include="Brand.h">
      <Filter>QCars\Item\Brand</Filter>
    </ClInclude>
    <ClInclude Include="EnumHelperPre.h">
      <Filter>QCars\Item\Brand</Filter>
    </ClInclude>
    <ClInclude Include="EnumHelperPost.h">
      <Filter>QCars\Item\Brand</Filter>
    </ClInclude>
    <ClInclude Include="QCars.h">
      <Filter>QCars</Filter>
    </ClInclude>
    <ClInclude Include="Item.h">
      <Filter>QCars\Item</Filter>
    </ClInclude>
  </ItemGroup>
  <ItemGroup>
    <ClCompile Include="Cars.cpp">
      <Filter>Source Files</Filter>
    </ClCompile>
    <ClCompile Include="QCars.cpp">
      <Filter>QCars</Filter>
    </ClCompile>
    <ClCompile Include="Item.cpp">
      <Filter>QCars\Item</Filter>
    </ClCompile>
  </ItemGroup>
</Project>